
Microsoft Visual Studio Solution File, Format Version 12.00
# Visual Studio 15
VisualStudioVersion = 15.0.28307.572
MinimumVisualStudioVersion = 10.0.40219.1
Project("{FAE04EC0-301F-11D3-BF4B-00C04F79EFBC}") = "MVC5使用Area区域", "MVC5使用Area区域\MVC5使用Area区域.csproj", "{C4DEAC69-AD29-4168-AE7D-2A729C5BFC82}"
EndProject
Global
	GlobalSection(SolutionConfigurationPlatforms) = preSolution
		Debug|Any CPU = Debug|Any CPU
		Release|Any CPU = Release|Any CPU
	EndGlobalSection
	GlobalSection(ProjectConfigurationPlatforms) = postSolution
		{C4DEAC69-AD29-4168-AE7D-2A729C5BFC82}.Debug|Any CPU.ActiveCfg = Debug|Any CPU
		{C4DEAC69-AD29-4168-AE7D-2A729C5BFC82}.Debug|Any CPU.Build.0 = Debug|Any CPU
		{C4DEAC69-AD29-4168-AE7D-2A729C5BFC82}.Release|Any CPU.ActiveCfg = Release|Any CPU
		{C4DEAC69-AD29-4168-AE7D-2A729C5BFC82}.Release|Any CPU.Build.0 = Release|Any CPU
	EndGlobalSection
	GlobalSection(SolutionProperties) = preSolution
		HideSolutionNode = FALSE
	EndGlobalSection
	GlobalSection(ExtensibilityGlobals) = postSolution
		SolutionGuid = {C8625616-34BC-4F8C-A1E9-3CF938CC3951}
	EndGlobalSection
EndGlobal
